
Microsoft Visual Studio Solution File, Format Version 12.00
# Visual Studio Version 16
VisualStudioVersion = 16.0.31515.178
MinimumVisualStudioVersion = 10.0.40219.1
Project("{9A19103F-16F7-4668-BE54-9A1E7A4F7556}") = "Articles", "Articles.csproj", "{3E9C61F4-41F9-4E3E-A79F-649A569B36C3}"
EndProject
Project("{FAE04EC0-301F-11D3-BF4B-00C04F79EFBC}") = "Articles.TestUnit", "Articles.TestUnit\Articles.TestUnit.csproj", "{6D661AD6-7147-4693-B417-69066E9D6C57}"
EndProject
Global
	GlobalSection(SolutionConfigurationPlatforms) = preSolution
		Debug|Any CPU = Debug|Any CPU
		Release|Any CPU = Release|Any CPU
	EndGlobalSection
	GlobalSection(ProjectConfigurationPlatforms) = postSolution
		{3E9C61F4-41F9-4E3E-A79F-649A569B36C3}.Debug|Any CPU.ActiveCfg = Debug|Any CPU
		{3E9C61F4-41F9-4E3E-A79F-649A569B36C3}.Debug|Any CPU.Build.0 = Debug|Any CPU
		{3E9C61F4-41F9-4E3E-A79F-649A569B36C3}.Release|Any CPU.ActiveCfg = Release|Any CPU
		{3E9C61F4-41F9-4E3E-A79F-649A569B36C3}.Release|Any CPU.Build.0 = Release|Any CPU
		{6D661AD6-7147-4693-B417-69066E9D6C57}.Debug|Any CPU.ActiveCfg = Debug|Any CPU
		{6D661AD6-7147-4693-B417-69066E9D6C57}.Debug|Any CPU.Build.0 = Debug|Any CPU
		{6D661AD6-7147-4693-B417-69066E9D6C57}.Release|Any CPU.ActiveCfg = Release|Any CPU
		{6D661AD6-7147-4693-B417-69066E9D6C57}.Release|Any CPU.Build.0 = Release|Any CPU
	EndGlobalSection
	GlobalSection(SolutionProperties) = preSolution
		HideSolutionNode = FALSE
	EndGlobalSection
	GlobalSection(ExtensibilityGlobals) = postSolution
		SolutionGuid = {FC31D12B-4963-4FAA-B53F-2D2801119F71}
	EndGlobalSection
EndGlobal
